
Microsoft Visual Studio Solution File, Format Version 12.00
# Visual Studio 15
VisualStudioVersion = 15.0.27130.2010
MinimumVisualStudioVersion = 10.0.40219.1
Project("{FAE04EC0-301F-11D3-BF4B-00C04F79EFBC}") = "ICommandDemo", "ICommandDemo\ICommandDemo.csproj", "{DFCE5D30-0373-420E-A991-6A67119A4CCE}"
EndProject
Global
	GlobalSection(SolutionConfigurationPlatforms) = preSolution
		Debug|Any CPU = Debug|Any CPU
		Release|Any CPU = Release|Any CPU
	EndGlobalSection
	GlobalSection(ProjectConfigurationPlatforms) = postSolution
		{DFCE5D30-0373-420E-A991-6A67119A4CCE}.Debug|Any CPU.ActiveCfg = Debug|Any CPU
		{DFCE5D30-0373-420E-A991-6A67119A4CCE}.Debug|Any CPU.Build.0 = Debug|Any CPU
		{DFCE5D30-0373-420E-A991-6A67119A4CCE}.Release|Any CPU.ActiveCfg = Release|Any CPU
		{DFCE5D30-0373-420E-A991-6A67119A4CCE}.Release|Any CPU.Build.0 = Release|Any CPU
	EndGlobalSection
	GlobalSection(SolutionProperties) = preSolution
		HideSolutionNode = FALSE
	EndGlobalSection
	GlobalSection(ExtensibilityGlobals) = postSolution
		SolutionGuid = {9FDBDD18-DF8A-43DB-B007-77228C4E4F81}
	EndGlobalSection
EndGlobal
