
Microsoft Visual Studio Solution File, Format Version 12.00
# Visual Studio 2012
Project("{FAE04EC0-301F-11D3-BF4B-00C04F79EFBC}") = "WpfApplication1", "WpfApplication1\WpfApplication1.csproj", "{CEBBB4D3-AE9A-418A-8350-64AFA0B0FC6C}"
EndProject
Global
	GlobalSection(SolutionConfigurationPlatforms) = preSolution
		Debug|Any CPU = Debug|Any CPU
		Release|Any CPU = Release|Any CPU
	EndGlobalSection
	GlobalSection(ProjectConfigurationPlatforms) = postSolution
		{CEBBB4D3-AE9A-418A-8350-64AFA0B0FC6C}.Debug|Any CPU.ActiveCfg = Debug|Any CPU
		{CEBBB4D3-AE9A-418A-8350-64AFA0B0FC6C}.Debug|Any CPU.Build.0 = Debug|Any CPU
		{CEBBB4D3-AE9A-418A-8350-64AFA0B0FC6C}.Release|Any CPU.ActiveCfg = Release|Any CPU
		{CEBBB4D3-AE9A-418A-8350-64AFA0B0FC6C}.Release|Any CPU.Build.0 = Release|Any CPU
	EndGlobalSection
	GlobalSection(SolutionProperties) = preSolution
		HideSolutionNode = FALSE
	EndGlobalSection
EndGlobal
