
Microsoft Visual Studio Solution File, Format Version 12.00
# Visual Studio 15
VisualStudioVersion = 15.0.28307.1062
MinimumVisualStudioVersion = 10.0.40219.1
Project("{FAE04EC0-301F-11D3-BF4B-00C04F79EFBC}") = "DemoCursuri_4_5", "ConsoleApp3\DemoCursuri_4_5.csproj", "{E68DA3F5-AEAD-44C7-9BA3-F56A5B925822}"
EndProject
Global
	GlobalSection(SolutionConfigurationPlatforms) = preSolution
		Debug|Any CPU = Debug|Any CPU
		Release|Any CPU = Release|Any CPU
	EndGlobalSection
	GlobalSection(ProjectConfigurationPlatforms) = postSolution
		{E68DA3F5-AEAD-44C7-9BA3-F56A5B925822}.Debug|Any CPU.ActiveCfg = Debug|Any CPU
		{E68DA3F5-AEAD-44C7-9BA3-F56A5B925822}.Debug|Any CPU.Build.0 = Debug|Any CPU
		{E68DA3F5-AEAD-44C7-9BA3-F56A5B925822}.Release|Any CPU.ActiveCfg = Release|Any CPU
		{E68DA3F5-AEAD-44C7-9BA3-F56A5B925822}.Release|Any CPU.Build.0 = Release|Any CPU
	EndGlobalSection
	GlobalSection(SolutionProperties) = preSolution
		HideSolutionNode = FALSE
	EndGlobalSection
	GlobalSection(ExtensibilityGlobals) = postSolution
		SolutionGuid = {586B4A5A-888A-45EA-91EB-AC7BB4B1568E}
	EndGlobalSection
EndGlobal
